<?xml version="1.0" encoding="utf-8"?>
<Project ToolsVersion="4.0" xmlns="http://schemas.microsoft.com/developer/msbuild/2003">
  <ItemGroup>
    <Filter Include="Source Files">
      <UniqueIdentifier>{4FC737F1-C7A5-4376-A066-2A32D752A2FF}</UniqueIdentifier>
      <Extensions>cpp;c;cc;cxx;c++;cppm;ixx;def;odl;idl;hpj;bat;asm;asmx</Extensions>
    </Filter>
    <Filter Include="Header Files">
      <UniqueIdentifier>{93995380-89BD-4b04-88EB-625FBE52EBFB}</UniqueIdentifier>
      <Extensions>h;hh;hpp;hxx;h++;hm;inl;inc;ipp;xsd</Extensions>
    </Filter>
    <Filter Include="Resource Files">
      <UniqueIdentifier>{67DA6AB6-F800-4c08-8B7A-83BB121AAD01}</UniqueIdentifier>
      <Extensions>rc;ico;cur;bmp;dlg;rc2;rct;bin;rgs;gif;jpg;jpeg;jpe;resx;tiff;tif;png;wav;mfcribbon-ms</Extensions>
    </Filter>
  </ItemGroup>
  <ItemGroup>
    <ClInclude Include="includes\stb_image\stb_image.h">
      <Filter>Header Files</Filter>
    </ClInclude>
    <ClInclude Include="includes\KSEngine\Game.h">
      <Filter>Header Files</Filter>
    </ClInclude>
    <ClInclude Include="includes\KSEngine\Graphics\GraphicsEngine.h">
      <Filter>Header Files</Filter>
    </ClInclude>
    <ClInclude Include="includes\KSEngine\CoreMinimal.h">
      <Filter>Header Files</Filter>
    </ClInclude>
    <ClInclude Include="includes\KSEngine\Graphics\ShaderProgram.h">
      <Filter>Header Files</Filter>
    </ClInclude>
    <ClInclude Include="includes\KSEngine\Graphics\Texture.h">
      <Filter>Header Files</Filter>
    </ClInclude>
    <ClInclude Include="includes\KSEngine\Graphics\VertexArrayObject.h">
      <Filter>Header Files</Filter>
    </ClInclude>
    <ClInclude Include="includes\KSEngine\Graphics\Mesh.h">
      <Filter>Header Files</Filter>
    </ClInclude>
    <ClInclude Include="includes\KSEngine\Math\Transformations.h">
      <Filter>Header Files</Filter>
    </ClInclude>
    <ClInclude Include="includes\KSEngine\input.h">
      <Filter>Header Files</Filter>
    </ClInclude>
    <ClInclude Include="includes\KSEngine\Graphics\Camera.h">
      <Filter>Header Files</Filter>
    </ClInclude>
    <ClInclude Include="includes\KSEngine\Graphics\Material.h">
      <Filter>Header Files</Filter>
    </ClInclude>
    <ClInclude Include="includes\KSEngine\Graphics\Vertex.h">
      <Filter>Header Files</Filter>
    </ClInclude>
    <ClInclude Include="includes\KSEngine\Graphics\Model.h">
      <Filter>Header Files</Filter>
    </ClInclude>
    <ClInclude Include="includes\KSEngine\Collisions\Collosion.h">
      <Filter>Header Files</Filter>
    </ClInclude>
  </ItemGroup>
  <ItemGroup>
    <ClCompile Include="source\stb_image\stb_image.cpp">
      <Filter>Source Files</Filter>
    </ClCompile>
    <ClCompile Include="Game\Source.cpp">
      <Filter>Source Files</Filter>
    </ClCompile>
    <ClCompile Include="source\KSEngine\Game.cpp">
      <Filter>Source Files</Filter>
    </ClCompile>
    <ClCompile Include="source\KSEngine\Graphics\GraphicsEngine.cpp">
      <Filter>Source Files</Filter>
    </ClCompile>
    <ClCompile Include="source\KSEngine\Graphics\ShaderProgram.cpp">
      <Filter>Source Files</Filter>
    </ClCompile>
    <ClCompile Include="source\KSEngine\Graphics\Texture.cpp">
      <Filter>Source Files</Filter>
    </ClCompile>
    <ClCompile Include="source\KSEngine\Graphics\VertexArrayObject.cpp">
      <Filter>Source Files</Filter>
    </ClCompile>
    <ClCompile Include="source\KSEngine\Graphics\Mesh.cpp">
      <Filter>Source Files</Filter>
    </ClCompile>
    <ClCompile Include="source\KSEngine\input.cpp">
      <Filter>Source Files</Filter>
    </ClCompile>
    <ClCompile Include="source\KSEngine\Graphics\Camera.cpp">
      <Filter>Source Files</Filter>
    </ClCompile>
    <ClCompile Include="source\KSEngine\Graphics\Material.cpp">
      <Filter>Source Files</Filter>
    </ClCompile>
    <ClCompile Include="source\KSEngine\Graphics\Model.cpp">
      <Filter>Source Files</Filter>
    </ClCompile>
    <ClCompile Include="source\KSEngine\Collisions\Collision.cpp">
      <Filter>Source Files</Filter>
    </ClCompile>
    <ClCompile Include="includes\KSEngine\Graphics\Collosion.cpp">
      <Filter>Source Files</Filter>
    </ClCompile>
  </ItemGroup>
  <ItemGroup>
    <None Include="Game\Shaders\VertexShader\VertexShader.svert" />
    <None Include="Game\Shaders\VertexShader\VertexShader.sfrag" />
    <None Include="Game\Shaders\TextureShader\TextureShader.sfrag" />
    <None Include="Game\Shaders\TextureShader\TextureShader.svert" />
    <None Include="Game\Shaders\WireframeShader\WireframeShader.sfrag" />
    <None Include="Game\Shaders\WireframeShader\WireframeShader.svert" />
  </ItemGroup>
  <ItemGroup>
    <Image Include="..\..\..\..\Downloads\New folder\Wall_Damaged_BC.png">
      <Filter>Resource Files</Filter>
    </Image>
  </ItemGroup>
</Project>